
Microsoft Visual Studio Solution File, Format Version 12.00
# Visual Studio 15
VisualStudioVersion = 15.0.27428.2043
MinimumVisualStudioVersion = 10.0.40219.1
Project("{FAE04EC0-301F-11D3-BF4B-00C04F79EFBC}") = "FacialRecognition", "FacialRecognition\FacialRecognition.csproj", "{FFDD5773-4CDF-40F8-A761-1E69BD19C7C7}"
EndProject
Project("{FAE04EC0-301F-11D3-BF4B-00C04F79EFBC}") = "FacialRecognitionTests", "FacialRecognitionTests\FacialRecognitionTests.csproj", "{F467063E-C35E-453E-8C62-A9C95653DB50}"
EndProject
Global
	GlobalSection(SolutionConfigurationPlatforms) = preSolution
		Debug|Any CPU = Debug|Any CPU
		Debug|x86 = Debug|x86
		Release|Any CPU = Release|Any CPU
		Release|x86 = Release|x86
	EndGlobalSection
	GlobalSection(ProjectConfigurationPlatforms) = postSolution
		{FFDD5773-4CDF-40F8-A761-1E69BD19C7C7}.Debug|Any CPU.ActiveCfg = Debug|x86
		{FFDD5773-4CDF-40F8-A761-1E69BD19C7C7}.Debug|x86.ActiveCfg = Debug|x86
		{FFDD5773-4CDF-40F8-A761-1E69BD19C7C7}.Debug|x86.Build.0 = Debug|x86
		{FFDD5773-4CDF-40F8-A761-1E69BD19C7C7}.Release|Any CPU.ActiveCfg = Release|x86
		{FFDD5773-4CDF-40F8-A761-1E69BD19C7C7}.Release|x86.ActiveCfg = Release|x86
		{FFDD5773-4CDF-40F8-A761-1E69BD19C7C7}.Release|x86.Build.0 = Release|x86
		{F467063E-C35E-453E-8C62-A9C95653DB50}.Debug|Any CPU.ActiveCfg = Debug|Any CPU
		{F467063E-C35E-453E-8C62-A9C95653DB50}.Debug|Any CPU.Build.0 = Debug|Any CPU
		{F467063E-C35E-453E-8C62-A9C95653DB50}.Debug|x86.ActiveCfg = Debug|Any CPU
		{F467063E-C35E-453E-8C62-A9C95653DB50}.Debug|x86.Build.0 = Debug|Any CPU
		{F467063E-C35E-453E-8C62-A9C95653DB50}.Release|Any CPU.ActiveCfg = Release|Any CPU
		{F467063E-C35E-453E-8C62-A9C95653DB50}.Release|Any CPU.Build.0 = Release|Any CPU
		{F467063E-C35E-453E-8C62-A9C95653DB50}.Release|x86.ActiveCfg = Release|Any CPU
		{F467063E-C35E-453E-8C62-A9C95653DB50}.Release|x86.Build.0 = Release|Any CPU
	EndGlobalSection
	GlobalSection(SolutionProperties) = preSolution
		HideSolutionNode = FALSE
	EndGlobalSection
	GlobalSection(ExtensibilityGlobals) = postSolution
		SolutionGuid = {81A6F8D8-B8ED-46F0-8E79-85D788CB2ACD}
	EndGlobalSection
EndGlobal
